// !$*UTF8*$!
{
	archiveVersion = 1;
	classes = {
	};
	objectVersion = 56;
	objects = {

/* Begin PBXBuildFile section */
		7DFC40A72AC5675A00FE71D2 /* AppDelegate.swift in Sources */ = {isa = PBXBuildFile; fileRef = 7DFC40A62AC5675A00FE71D2 /* AppDelegate.swift */; };
		7DFC40A92AC5675A00FE71D2 /* SceneDelegate.swift in Sources */ = {isa = PBXBuildFile; fileRef = 7DFC40A82AC5675A00FE71D2 /* SceneDelegate.swift */; };
		7DFC40AE2AC5675A00FE71D2 /* Main.storyboard in Resources */ = {isa = PBXBuildFile; fileRef = 7DFC40AC2AC5675A00FE71D2 /* Main.storyboard */; };
		7DFC40B02AC5675D00FE71D2 /* Assets.xcassets in Resources */ = {isa = PBXBuildFile; fileRef = 7DFC40AF2AC5675D00FE71D2 /* Assets.xcassets */; };
		7DFC40B32AC5675D00FE71D2 /* LaunchScreen.storyboard in Resources */ = {isa = PBXBuildFile; fileRef = 7DFC40B12AC5675D00FE71D2 /* LaunchScreen.storyboard */; };
		7DFC40BE2AC5751200FE71D2 /* PexelFeedViewController.swift in Sources */ = {isa = PBXBuildFile; fileRef = 7DFC40BD2AC5751200FE71D2 /* PexelFeedViewController.swift */; };
		7DFC40C02AC577DA00FE71D2 /* PexelFeedTableViewCell.swift in Sources */ = {isa = PBXBuildFile; fileRef = 7DFC40BF2AC577DA00FE71D2 /* PexelFeedTableViewCell.swift */; };
		7DFC40D12AC5CB8100FE71D2 /* PexelNetworkService in Frameworks */ = {isa = PBXBuildFile; productRef = 7DFC40D02AC5CB8100FE71D2 /* PexelNetworkService */; };
		7DFC40E52AC60CFA00FE71D2 /* PexelFeedPresenter.swift in Sources */ = {isa = PBXBuildFile; fileRef = 7DFC40E42AC60CFA00FE71D2 /* PexelFeedPresenter.swift */; };
		7DFC40E92AC60DA200FE71D2 /* PexelFeedViewOutput.swift in Sources */ = {isa = PBXBuildFile; fileRef = 7DFC40E82AC60DA200FE71D2 /* PexelFeedViewOutput.swift */; };
		7DFC40EB2AC60DC700FE71D2 /* PexelFeedViewInput.swift in Sources */ = {isa = PBXBuildFile; fileRef = 7DFC40EA2AC60DC700FE71D2 /* PexelFeedViewInput.swift */; };
		7DFC40ED2AC6162000FE71D2 /* PexelFeedDisplayItem.swift in Sources */ = {isa = PBXBuildFile; fileRef = 7DFC40EC2AC6162000FE71D2 /* PexelFeedDisplayItem.swift */; };
		7DFC40F32AC61F9F00FE71D2 /* FeedMock.txt in Resources */ = {isa = PBXBuildFile; fileRef = 7DFC40F22AC61F9F00FE71D2 /* FeedMock.txt */; };
		7DFC40F62AC9A5BA00FE71D2 /* PexelFeedResourceFactory.swift in Sources */ = {isa = PBXBuildFile; fileRef = 7DFC40F52AC9A5BA00FE71D2 /* PexelFeedResourceFactory.swift */; };
		7DFC40F92AC9A62600FE71D2 /* PexelFeedDataProvider.swift in Sources */ = {isa = PBXBuildFile; fileRef = 7DFC40F82AC9A62600FE71D2 /* PexelFeedDataProvider.swift */; };
		7DFC40FB2AC9B3F100FE71D2 /* PexelFeedLoadMoreTableViewCell.swift in Sources */ = {isa = PBXBuildFile; fileRef = 7DFC40FA2AC9B3F100FE71D2 /* PexelFeedLoadMoreTableViewCell.swift */; };
		7DFC40FE2ACAC2F300FE71D2 /* PexelFeedDisplayPhotographerItem.swift in Sources */ = {isa = PBXBuildFile; fileRef = 7DFC40FD2ACAC2F300FE71D2 /* PexelFeedDisplayPhotographerItem.swift */; };
		7DFC41002ACAC2FB00FE71D2 /* PexelFeedDisplayLoadMoreItem.swift in Sources */ = {isa = PBXBuildFile; fileRef = 7DFC40FF2ACAC2FB00FE71D2 /* PexelFeedDisplayLoadMoreItem.swift */; };
		7DFC41032ACAC37A00FE71D2 /* PexelFeedDataProviderImpl.swift in Sources */ = {isa = PBXBuildFile; fileRef = 7DFC41022ACAC37A00FE71D2 /* PexelFeedDataProviderImpl.swift */; };
		7DFC41062ACAC3C000FE71D2 /* PexelFeedPaginator.swift in Sources */ = {isa = PBXBuildFile; fileRef = 7DFC41052ACAC3C000FE71D2 /* PexelFeedPaginator.swift */; };
		7DFC41082ACAC40600FE71D2 /* PexelFeedDataProviderPaginationDecorator.swift in Sources */ = {isa = PBXBuildFile; fileRef = 7DFC41072ACAC40600FE71D2 /* PexelFeedDataProviderPaginationDecorator.swift */; };
		7DFC410A2ACAC4A700FE71D2 /* PexelFeedPaginatorDelegate.swift in Sources */ = {isa = PBXBuildFile; fileRef = 7DFC41092ACAC4A700FE71D2 /* PexelFeedPaginatorDelegate.swift */; };
		7DFC410D2ACAC58F00FE71D2 /* PexelFeedResponseItem.swift in Sources */ = {isa = PBXBuildFile; fileRef = 7DFC410C2ACAC58F00FE71D2 /* PexelFeedResponseItem.swift */; };
		7DFC410F2ACAC5F000FE71D2 /* PexelFeedResponsePhotoItem.swift in Sources */ = {isa = PBXBuildFile; fileRef = 7DFC410E2ACAC5F000FE71D2 /* PexelFeedResponsePhotoItem.swift */; };
		7DFC41112ACAC63000FE71D2 /* PexelFeedResponseSrcItem.swift in Sources */ = {isa = PBXBuildFile; fileRef = 7DFC41102ACAC63000FE71D2 /* PexelFeedResponseSrcItem.swift */; };
		7DFC41132ACAC6EC00FE71D2 /* PexelFeedDisplayItemProvider.swift in Sources */ = {isa = PBXBuildFile; fileRef = 7DFC41122ACAC6EC00FE71D2 /* PexelFeedDisplayItemProvider.swift */; };
		7DFC41182ACACABF00FE71D2 /* TableViewCell.swift in Sources */ = {isa = PBXBuildFile; fileRef = 7DFC41172ACACABF00FE71D2 /* TableViewCell.swift */; };
		7DFC411A2ACACAD200FE71D2 /* AnyTableViewCell.swift in Sources */ = {isa = PBXBuildFile; fileRef = 7DFC41192ACACAD200FE71D2 /* AnyTableViewCell.swift */; };
		7DFC411C2ACACAE600FE71D2 /* TableItem.swift in Sources */ = {isa = PBXBuildFile; fileRef = 7DFC411B2ACACAE600FE71D2 /* TableItem.swift */; };
/* End PBXBuildFile section */

/* Begin PBXFileReference section */
		7DFC40A32AC5675A00FE71D2 /* TestPexel.app */ = {isa = PBXFileReference; explicitFileType = wrapper.application; includeInIndex = 0; path = TestPexel.app; sourceTree = BUILT_PRODUCTS_DIR; };
		7DFC40A62AC5675A00FE71D2 /* AppDelegate.swift */ = {isa = PBXFileReference; lastKnownFileType = sourcecode.swift; path = AppDelegate.swift; sourceTree = "<group>"; };
		7DFC40A82AC5675A00FE71D2 /* SceneDelegate.swift */ = {isa = PBXFileReference; lastKnownFileType = sourcecode.swift; path = SceneDelegate.swift; sourceTree = "<group>"; };
		7DFC40AD2AC5675A00FE71D2 /* Base */ = {isa = PBXFileReference; lastKnownFileType = file.storyboard; name = Base; path = Base.lproj/Main.storyboard; sourceTree = "<group>"; };
		7DFC40AF2AC5675D00FE71D2 /* Assets.xcassets */ = {isa = PBXFileReference; lastKnownFileType = folder.assetcatalog; path = Assets.xcassets; sourceTree = "<group>"; };
		7DFC40B22AC5675D00FE71D2 /* Base */ = {isa = PBXFileReference; lastKnownFileType = file.storyboard; name = Base; path = Base.lproj/LaunchScreen.storyboard; sourceTree = "<group>"; };
		7DFC40B42AC5675D00FE71D2 /* Info.plist */ = {isa = PBXFileReference; lastKnownFileType = text.plist.xml; path = Info.plist; sourceTree = "<group>"; };
		7DFC40BD2AC5751200FE71D2 /* PexelFeedViewController.swift */ = {isa = PBXFileReference; lastKnownFileType = sourcecode.swift; path = PexelFeedViewController.swift; sourceTree = "<group>"; };
		7DFC40BF2AC577DA00FE71D2 /* PexelFeedTableViewCell.swift */ = {isa = PBXFileReference; lastKnownFileType = sourcecode.swift; path = PexelFeedTableViewCell.swift; sourceTree = "<group>"; };
		7DFC40C82AC5CA2600FE71D2 /* PexelNetworkService */ = {isa = PBXFileReference; lastKnownFileType = text; name = PexelNetworkService; path = TestPexel/Packages/PexelNetworkService; sourceTree = SOURCE_ROOT; };
		7DFC40E42AC60CFA00FE71D2 /* PexelFeedPresenter.swift */ = {isa = PBXFileReference; lastKnownFileType = sourcecode.swift; path = PexelFeedPresenter.swift; sourceTree = "<group>"; };
		7DFC40E82AC60DA200FE71D2 /* PexelFeedViewOutput.swift */ = {isa = PBXFileReference; lastKnownFileType = sourcecode.swift; path = PexelFeedViewOutput.swift; sourceTree = "<group>"; };
		7DFC40EA2AC60DC700FE71D2 /* PexelFeedViewInput.swift */ = {isa = PBXFileReference; lastKnownFileType = sourcecode.swift; path = PexelFeedViewInput.swift; sourceTree = "<group>"; };
		7DFC40EC2AC6162000FE71D2 /* PexelFeedDisplayItem.swift */ = {isa = PBXFileReference; lastKnownFileType = sourcecode.swift; path = PexelFeedDisplayItem.swift; sourceTree = "<group>"; };
		7DFC40F22AC61F9F00FE71D2 /* FeedMock.txt */ = {isa = PBXFileReference; lastKnownFileType = text; path = FeedMock.txt; sourceTree = "<group>"; };
		7DFC40F52AC9A5BA00FE71D2 /* PexelFeedResourceFactory.swift */ = {isa = PBXFileReference; lastKnownFileType = sourcecode.swift; path = PexelFeedResourceFactory.swift; sourceTree = "<group>"; };
		7DFC40F82AC9A62600FE71D2 /* PexelFeedDataProvider.swift */ = {isa = PBXFileReference; lastKnownFileType = sourcecode.swift; path = PexelFeedDataProvider.swift; sourceTree = "<group>"; };
		7DFC40FA2AC9B3F100FE71D2 /* PexelFeedLoadMoreTableViewCell.swift */ = {isa = PBXFileReference; lastKnownFileType = sourcecode.swift; path = PexelFeedLoadMoreTableViewCell.swift; sourceTree = "<group>"; };
		7DFC40FD2ACAC2F300FE71D2 /* PexelFeedDisplayPhotographerItem.swift */ = {isa = PBXFileReference; lastKnownFileType = sourcecode.swift; path = PexelFeedDisplayPhotographerItem.swift; sourceTree = "<group>"; };
		7DFC40FF2ACAC2FB00FE71D2 /* PexelFeedDisplayLoadMoreItem.swift */ = {isa = PBXFileReference; lastKnownFileType = sourcecode.swift; path = PexelFeedDisplayLoadMoreItem.swift; sourceTree = "<group>"; };
		7DFC41022ACAC37A00FE71D2 /* PexelFeedDataProviderImpl.swift */ = {isa = PBXFileReference; lastKnownFileType = sourcecode.swift; path = PexelFeedDataProviderImpl.swift; sourceTree = "<group>"; };
		7DFC41052ACAC3C000FE71D2 /* PexelFeedPaginator.swift */ = {isa = PBXFileReference; lastKnownFileType = sourcecode.swift; path = PexelFeedPaginator.swift; sourceTree = "<group>"; };
		7DFC41072ACAC40600FE71D2 /* PexelFeedDataProviderPaginationDecorator.swift */ = {isa = PBXFileReference; lastKnownFileType = sourcecode.swift; path = PexelFeedDataProviderPaginationDecorator.swift; sourceTree = "<group>"; };
		7DFC41092ACAC4A700FE71D2 /* PexelFeedPaginatorDelegate.swift */ = {isa = PBXFileReference; lastKnownFileType = sourcecode.swift; path = PexelFeedPaginatorDelegate.swift; sourceTree = "<group>"; };
		7DFC410C2ACAC58F00FE71D2 /* PexelFeedResponseItem.swift */ = {isa = PBXFileReference; lastKnownFileType = sourcecode.swift; path = PexelFeedResponseItem.swift; sourceTree = "<group>"; };
		7DFC410E2ACAC5F000FE71D2 /* PexelFeedResponsePhotoItem.swift */ = {isa = PBXFileReference; lastKnownFileType = sourcecode.swift; path = PexelFeedResponsePhotoItem.swift; sourceTree = "<group>"; };
		7DFC41102ACAC63000FE71D2 /* PexelFeedResponseSrcItem.swift */ = {isa = PBXFileReference; lastKnownFileType = sourcecode.swift; path = PexelFeedResponseSrcItem.swift; sourceTree = "<group>"; };
		7DFC41122ACAC6EC00FE71D2 /* PexelFeedDisplayItemProvider.swift */ = {isa = PBXFileReference; lastKnownFileType = sourcecode.swift; path = PexelFeedDisplayItemProvider.swift; sourceTree = "<group>"; };
		7DFC41172ACACABF00FE71D2 /* TableViewCell.swift */ = {isa = PBXFileReference; lastKnownFileType = sourcecode.swift; path = TableViewCell.swift; sourceTree = "<group>"; };
		7DFC41192ACACAD200FE71D2 /* AnyTableViewCell.swift */ = {isa = PBXFileReference; lastKnownFileType = sourcecode.swift; path = AnyTableViewCell.swift; sourceTree = "<group>"; };
		7DFC411B2ACACAE600FE71D2 /* TableItem.swift */ = {isa = PBXFileReference; lastKnownFileType = sourcecode.swift; path = TableItem.swift; sourceTree = "<group>"; };
/* End PBXFileReference section */

/* Begin PBXFrameworksBuildPhase section */
		7DFC40A02AC5675A00FE71D2 /* Frameworks */ = {
			isa = PBXFrameworksBuildPhase;
			buildActionMask = 2147483647;
			files = (
				7DFC40D12AC5CB8100FE71D2 /* PexelNetworkService in Frameworks */,
			);
			runOnlyForDeploymentPostprocessing = 0;
		};
/* End PBXFrameworksBuildPhase section */

/* Begin PBXGroup section */
		7DFC409A2AC5675A00FE71D2 = {
			isa = PBXGroup;
			children = (
				7DFC40A52AC5675A00FE71D2 /* TestPexel */,
				7DFC40A42AC5675A00FE71D2 /* Products */,
				7DFC40CF2AC5CB8100FE71D2 /* Frameworks */,
			);
			sourceTree = "<group>";
		};
		7DFC40A42AC5675A00FE71D2 /* Products */ = {
			isa = PBXGroup;
			children = (
				7DFC40A32AC5675A00FE71D2 /* TestPexel.app */,
			);
			name = Products;
			sourceTree = "<group>";
		};
		7DFC40A52AC5675A00FE71D2 /* TestPexel */ = {
			isa = PBXGroup;
			children = (
				7DFC41142ACACA7D00FE71D2 /* Presentation Layer */,
				7DFC40EE2AC618CC00FE71D2 /* Domain */,
				7DFC40C12AC580D500FE71D2 /* Packages */,
				7DFC40BA2AC56CE000FE71D2 /* Resource */,
				7DFC40A62AC5675A00FE71D2 /* AppDelegate.swift */,
				7DFC40A82AC5675A00FE71D2 /* SceneDelegate.swift */,
				7DFC40AC2AC5675A00FE71D2 /* Main.storyboard */,
				7DFC40B12AC5675D00FE71D2 /* LaunchScreen.storyboard */,
			);
			path = TestPexel;
			sourceTree = "<group>";
		};
		7DFC40BA2AC56CE000FE71D2 /* Resource */ = {
			isa = PBXGroup;
			children = (
				7DFC40AF2AC5675D00FE71D2 /* Assets.xcassets */,
				7DFC40B42AC5675D00FE71D2 /* Info.plist */,
			);
			path = Resource;
			sourceTree = "<group>";
		};
		7DFC40C12AC580D500FE71D2 /* Packages */ = {
			isa = PBXGroup;
			children = (
				7DFC40C82AC5CA2600FE71D2 /* PexelNetworkService */,
			);
			path = Packages;
			sourceTree = "<group>";
		};
		7DFC40CF2AC5CB8100FE71D2 /* Frameworks */ = {
			isa = PBXGroup;
			children = (
			);
			name = Frameworks;
			sourceTree = "<group>";
		};
		7DFC40E02AC60C8F00FE71D2 /* User Interface */ = {
			isa = PBXGroup;
			children = (
				7DFC40E12AC60C9D00FE71D2 /* Feed */,
			);
			path = "User Interface";
			sourceTree = "<group>";
		};
		7DFC40E12AC60C9D00FE71D2 /* Feed */ = {
			isa = PBXGroup;
			children = (
				7DFC41012ACAC36D00FE71D2 /* Domain */,
				7DFC40FC2ACAC2E200FE71D2 /* Model */,
				7DFC40E62AC60D8D00FE71D2 /* Presenter */,
				7DFC40E72AC60D8D00FE71D2 /* View */,
			);
			path = Feed;
			sourceTree = "<group>";
		};
		7DFC40E62AC60D8D00FE71D2 /* Presenter */ = {
			isa = PBXGroup;
			children = (
				7DFC40E82AC60DA200FE71D2 /* PexelFeedViewOutput.swift */,
				7DFC40E42AC60CFA00FE71D2 /* PexelFeedPresenter.swift */,
				7DFC40F22AC61F9F00FE71D2 /* FeedMock.txt */,
			);
			path = Presenter;
			sourceTree = "<group>";
		};
		7DFC40E72AC60D8D00FE71D2 /* View */ = {
			isa = PBXGroup;
			children = (
				7DFC40EA2AC60DC700FE71D2 /* PexelFeedViewInput.swift */,
				7DFC40BD2AC5751200FE71D2 /* PexelFeedViewController.swift */,
				7DFC40BF2AC577DA00FE71D2 /* PexelFeedTableViewCell.swift */,
				7DFC40FA2AC9B3F100FE71D2 /* PexelFeedLoadMoreTableViewCell.swift */,
			);
			path = View;
			sourceTree = "<group>";
		};
		7DFC40EE2AC618CC00FE71D2 /* Domain */ = {
			isa = PBXGroup;
			children = (
				7DFC40F42AC9A5AE00FE71D2 /* Resource */,
				7DFC40EF2AC618D700FE71D2 /* Model */,
			);
			path = Domain;
			sourceTree = "<group>";
		};
		7DFC40EF2AC618D700FE71D2 /* Model */ = {
			isa = PBXGroup;
			children = (
				7DFC410B2ACAC58700FE71D2 /* Feed */,
			);
			path = Model;
			sourceTree = "<group>";
		};
		7DFC40F42AC9A5AE00FE71D2 /* Resource */ = {
			isa = PBXGroup;
			children = (
				7DFC40F52AC9A5BA00FE71D2 /* PexelFeedResourceFactory.swift */,
			);
			path = Resource;
			sourceTree = "<group>";
		};
		7DFC40F72AC9A61900FE71D2 /* DataProvider */ = {
			isa = PBXGroup;
			children = (
				7DFC40F82AC9A62600FE71D2 /* PexelFeedDataProvider.swift */,
				7DFC41022ACAC37A00FE71D2 /* PexelFeedDataProviderImpl.swift */,
				7DFC41072ACAC40600FE71D2 /* PexelFeedDataProviderPaginationDecorator.swift */,
			);
			path = DataProvider;
			sourceTree = "<group>";
		};
		7DFC40FC2ACAC2E200FE71D2 /* Model */ = {
			isa = PBXGroup;
			children = (
				7DFC40EC2AC6162000FE71D2 /* PexelFeedDisplayItem.swift */,
				7DFC40FF2ACAC2FB00FE71D2 /* PexelFeedDisplayLoadMoreItem.swift */,
				7DFC40FD2ACAC2F300FE71D2 /* PexelFeedDisplayPhotographerItem.swift */,
				7DFC41122ACAC6EC00FE71D2 /* PexelFeedDisplayItemProvider.swift */,
			);
			path = Model;
			sourceTree = "<group>";
		};
		7DFC41012ACAC36D00FE71D2 /* Domain */ = {
			isa = PBXGroup;
			children = (
				7DFC41042ACAC3B100FE71D2 /* Pagination */,
				7DFC40F72AC9A61900FE71D2 /* DataProvider */,
			);
			path = Domain;
			sourceTree = "<group>";
		};
		7DFC41042ACAC3B100FE71D2 /* Pagination */ = {
			isa = PBXGroup;
			children = (
				7DFC41052ACAC3C000FE71D2 /* PexelFeedPaginator.swift */,
				7DFC41092ACAC4A700FE71D2 /* PexelFeedPaginatorDelegate.swift */,
			);
			path = Pagination;
			sourceTree = "<group>";
		};
		7DFC410B2ACAC58700FE71D2 /* Feed */ = {
			isa = PBXGroup;
			children = (
				7DFC410C2ACAC58F00FE71D2 /* PexelFeedResponseItem.swift */,
				7DFC410E2ACAC5F000FE71D2 /* PexelFeedResponsePhotoItem.swift */,
				7DFC41102ACAC63000FE71D2 /* PexelFeedResponseSrcItem.swift */,
			);
			path = Feed;
			sourceTree = "<group>";
		};
		7DFC41142ACACA7D00FE71D2 /* Presentation Layer */ = {
			isa = PBXGroup;
			children = (
				7DFC41152ACACA9E00FE71D2 /* UI Elements */,
				7DFC40E02AC60C8F00FE71D2 /* User Interface */,
			);
			path = "Presentation Layer";
			sourceTree = "<group>";
		};
		7DFC41152ACACA9E00FE71D2 /* UI Elements */ = {
			isa = PBXGroup;
			children = (
				7DFC41162ACACAB800FE71D2 /* TableViewCell */,
			);
			path = "UI Elements";
			sourceTree = "<group>";
		};
		7DFC41162ACACAB800FE71D2 /* TableViewCell */ = {
			isa = PBXGroup;
			children = (
				7DFC41172ACACABF00FE71D2 /* TableViewCell.swift */,
				7DFC41192ACACAD200FE71D2 /* AnyTableViewCell.swift */,
				7DFC411B2ACACAE600FE71D2 /* TableItem.swift */,
			);
			path = TableViewCell;
			sourceTree = "<group>";
		};
/* End PBXGroup section */

/* Begin PBXNativeTarget section */
		7DFC40A22AC5675A00FE71D2 /* TestPexel */ = {
			isa = PBXNativeTarget;
			buildConfigurationList = 7DFC40B72AC5675D00FE71D2 /* Build configuration list for PBXNativeTarget "TestPexel" */;
			buildPhases = (
				7DFC409F2AC5675A00FE71D2 /* Sources */,
				7DFC40A02AC5675A00FE71D2 /* Frameworks */,
				7DFC40A12AC5675A00FE71D2 /* Resources */,
			);
			buildRules = (
			);
			dependencies = (
			);
			name = TestPexel;
			packageProductDependencies = (
				7DFC40D02AC5CB8100FE71D2 /* PexelNetworkService */,
			);
			productName = TestPexel;
			productReference = 7DFC40A32AC5675A00FE71D2 /* TestPexel.app */;
			productType = "com.apple.product-type.application";
		};
/* End PBXNativeTarget section */

/* Begin PBXProject section */
		7DFC409B2AC5675A00FE71D2 /* Project object */ = {
			isa = PBXProject;
			attributes = {
				BuildIndependentTargetsInParallel = 1;
				LastSwiftUpdateCheck = 1430;
				LastUpgradeCheck = 1430;
				TargetAttributes = {
					7DFC40A22AC5675A00FE71D2 = {
						CreatedOnToolsVersion = 14.3.1;
					};
				};
			};
			buildConfigurationList = 7DFC409E2AC5675A00FE71D2 /* Build configuration list for PBXProject "TestPexel" */;
			compatibilityVersion = "Xcode 14.0";
			developmentRegion = en;
			hasScannedForEncodings = 0;
			knownRegions = (
				en,
				Base,
			);
			mainGroup = 7DFC409A2AC5675A00FE71D2;
			productRefGroup = 7DFC40A42AC5675A00FE71D2 /* Products */;
			projectDirPath = "";
			projectRoot = "";
			targets = (
				7DFC40A22AC5675A00FE71D2 /* TestPexel */,
			);
		};
/* End PBXProject section */

/* Begin PBXResourcesBuildPhase section */
		7DFC40A12AC5675A00FE71D2 /* Resources */ = {
			isa = PBXResourcesBuildPhase;
			buildActionMask = 2147483647;
			files = (
				7DFC40B32AC5675D00FE71D2 /* LaunchScreen.storyboard in Resources */,
				7DFC40F32AC61F9F00FE71D2 /* FeedMock.txt in Resources */,
				7DFC40B02AC5675D00FE71D2 /* Assets.xcassets in Resources */,
				7DFC40AE2AC5675A00FE71D2 /* Main.storyboard in Resources */,
			);
			runOnlyForDeploymentPostprocessing = 0;
		};
/* End PBXResourcesBuildPhase section */

/* Begin PBXSourcesBuildPhase section */
		7DFC409F2AC5675A00FE71D2 /* Sources */ = {
			isa = PBXSourcesBuildPhase;
			buildActionMask = 2147483647;
			files = (
				7DFC40F62AC9A5BA00FE71D2 /* PexelFeedResourceFactory.swift in Sources */,
				7DFC41062ACAC3C000FE71D2 /* PexelFeedPaginator.swift in Sources */,
				7DFC40EB2AC60DC700FE71D2 /* PexelFeedViewInput.swift in Sources */,
				7DFC41002ACAC2FB00FE71D2 /* PexelFeedDisplayLoadMoreItem.swift in Sources */,
				7DFC41032ACAC37A00FE71D2 /* PexelFeedDataProviderImpl.swift in Sources */,
				7DFC40C02AC577DA00FE71D2 /* PexelFeedTableViewCell.swift in Sources */,
				7DFC410D2ACAC58F00FE71D2 /* PexelFeedResponseItem.swift in Sources */,
				7DFC40ED2AC6162000FE71D2 /* PexelFeedDisplayItem.swift in Sources */,
				7DFC41082ACAC40600FE71D2 /* PexelFeedDataProviderPaginationDecorator.swift in Sources */,
				7DFC41112ACAC63000FE71D2 /* PexelFeedResponseSrcItem.swift in Sources */,
				7DFC40BE2AC5751200FE71D2 /* PexelFeedViewController.swift in Sources */,
				7DFC40A72AC5675A00FE71D2 /* AppDelegate.swift in Sources */,
				7DFC40FB2AC9B3F100FE71D2 /* PexelFeedLoadMoreTableViewCell.swift in Sources */,
				7DFC40A92AC5675A00FE71D2 /* SceneDelegate.swift in Sources */,
				7DFC40F92AC9A62600FE71D2 /* PexelFeedDataProvider.swift in Sources */,
				7DFC410F2ACAC5F000FE71D2 /* PexelFeedResponsePhotoItem.swift in Sources */,
				7DFC410A2ACAC4A700FE71D2 /* PexelFeedPaginatorDelegate.swift in Sources */,
				7DFC40E52AC60CFA00FE71D2 /* PexelFeedPresenter.swift in Sources */,
				7DFC40E92AC60DA200FE71D2 /* PexelFeedViewOutput.swift in Sources */,
				7DFC411C2ACACAE600FE71D2 /* TableItem.swift in Sources */,
				7DFC411A2ACACAD200FE71D2 /* AnyTableViewCell.swift in Sources */,
				7DFC40FE2ACAC2F300FE71D2 /* PexelFeedDisplayPhotographerItem.swift in Sources */,
				7DFC41132ACAC6EC00FE71D2 /* PexelFeedDisplayItemProvider.swift in Sources */,
				7DFC41182ACACABF00FE71D2 /* TableViewCell.swift in Sources */,
			);
			runOnlyForDeploymentPostprocessing = 0;
		};
/* End PBXSourcesBuildPhase section */

/* Begin PBXVariantGroup section */
		7DFC40AC2AC5675A00FE71D2 /* Main.storyboard */ = {
			isa = PBXVariantGroup;
			children = (
				7DFC40AD2AC5675A00FE71D2 /* Base */,
			);
			name = Main.storyboard;
			sourceTree = "<group>";
		};
		7DFC40B12AC5675D00FE71D2 /* LaunchScreen.storyboard */ = {
			isa = PBXVariantGroup;
			children = (
				7DFC40B22AC5675D00FE71D2 /* Base */,
			);
			name = LaunchScreen.storyboard;
			sourceTree = "<group>";
		};
/* End PBXVariantGroup section */

/* Begin XCBuildConfiguration section */
		7DFC40B52AC5675D00FE71D2 /* Debug */ = {
			isa = XCBuildConfiguration;
			buildSettings = {
				ALWAYS_SEARCH_USER_PATHS = NO;
				CLANG_ANALYZER_NONNULL = YES;
				CLANG_ANALYZER_NUMBER_OBJECT_CONVERSION = YES_AGGRESSIVE;
				CLANG_CXX_LANGUAGE_STANDARD = "gnu++20";
				CLANG_ENABLE_MODULES = YES;
				CLANG_ENABLE_OBJC_ARC = YES;
				CLANG_ENABLE_OBJC_WEAK = YES;
				CLANG_WARN_BLOCK_CAPTURE_AUTORELEASING = YES;
				CLANG_WARN_BOOL_CONVERSION = YES;
				CLANG_WARN_COMMA = YES;
				CLANG_WARN_CONSTANT_CONVERSION = YES;
				CLANG_WARN_DEPRECATED_OBJC_IMPLEMENTATIONS = YES;
				CLANG_WARN_DIRECT_OBJC_ISA_USAGE = YES_ERROR;
				CLANG_WARN_DOCUMENTATION_COMMENTS = YES;
				CLANG_WARN_EMPTY_BODY = YES;
				CLANG_WARN_ENUM_CONVERSION = YES;
				CLANG_WARN_INFINITE_RECURSION = YES;
				CLANG_WARN_INT_CONVERSION = YES;
				CLANG_WARN_NON_LITERAL_NULL_CONVERSION = YES;
				CLANG_WARN_OBJC_IMPLICIT_RETAIN_SELF = YES;
				CLANG_WARN_OBJC_LITERAL_CONVERSION = YES;
				CLANG_WARN_OBJC_ROOT_CLASS = YES_ERROR;
				CLANG_WARN_QUOTED_INCLUDE_IN_FRAMEWORK_HEADER = YES;
				CLANG_WARN_RANGE_LOOP_ANALYSIS = YES;
				CLANG_WARN_STRICT_PROTOTYPES = YES;
				CLANG_WARN_SUSPICIOUS_MOVE = YES;
				CLANG_WARN_UNGUARDED_AVAILABILITY = YES_AGGRESSIVE;
				CLANG_WARN_UNREACHABLE_CODE = YES;
				CLANG_WARN__DUPLICATE_METHOD_MATCH = YES;
				COPY_PHASE_STRIP = NO;
				DEBUG_INFORMATION_FORMAT = dwarf;
				ENABLE_STRICT_OBJC_MSGSEND = YES;
				ENABLE_TESTABILITY = YES;
				GCC_C_LANGUAGE_STANDARD = gnu11;
				GCC_DYNAMIC_NO_PIC = NO;
				GCC_NO_COMMON_BLOCKS = YES;
				GCC_OPTIMIZATION_LEVEL = 0;
				GCC_PREPROCESSOR_DEFINITIONS = (
					"DEBUG=1",
					"$(inherited)",
				);
				GCC_WARN_64_TO_32_BIT_CONVERSION = YES;
				GCC_WARN_ABOUT_RETURN_TYPE = YES_ERROR;
				GCC_WARN_UNDECLARED_SELECTOR = YES;
				GCC_WARN_UNINITIALIZED_AUTOS = YES_AGGRESSIVE;
				GCC_WARN_UNUSED_FUNCTION = YES;
				GCC_WARN_UNUSED_VARIABLE = YES;
				IPHONEOS_DEPLOYMENT_TARGET = 16.0;
				MTL_ENABLE_DEBUG_INFO = INCLUDE_SOURCE;
				MTL_FAST_MATH = YES;
				ONLY_ACTIVE_ARCH = YES;
				SDKROOT = iphoneos;
				SWIFT_ACTIVE_COMPILATION_CONDITIONS = DEBUG;
				SWIFT_OPTIMIZATION_LEVEL = "-Onone";
			};
			name = Debug;
		};
		7DFC40B62AC5675D00FE71D2 /* Release */ = {
			isa = XCBuildConfiguration;
			buildSettings = {
				ALWAYS_SEARCH_USER_PATHS = NO;
				CLANG_ANALYZER_NONNULL = YES;
				CLANG_ANALYZER_NUMBER_OBJECT_CONVERSION = YES_AGGRESSIVE;
				CLANG_CXX_LANGUAGE_STANDARD = "gnu++20";
				CLANG_ENABLE_MODULES = YES;
				CLANG_ENABLE_OBJC_ARC = YES;
				CLANG_ENABLE_OBJC_WEAK = YES;
				CLANG_WARN_BLOCK_CAPTURE_AUTORELEASING = YES;
				CLANG_WARN_BOOL_CONVERSION = YES;
				CLANG_WARN_COMMA = YES;
				CLANG_WARN_CONSTANT_CONVERSION = YES;
				CLANG_WARN_DEPRECATED_OBJC_IMPLEMENTATIONS = YES;
				CLANG_WARN_DIRECT_OBJC_ISA_USAGE = YES_ERROR;
				CLANG_WARN_DOCUMENTATION_COMMENTS = YES;
				CLANG_WARN_EMPTY_BODY = YES;
				CLANG_WARN_ENUM_CONVERSION = YES;
				CLANG_WARN_INFINITE_RECURSION = YES;
				CLANG_WARN_INT_CONVERSION = YES;
				CLANG_WARN_NON_LITERAL_NULL_CONVERSION = YES;
				CLANG_WARN_OBJC_IMPLICIT_RETAIN_SELF = YES;
				CLANG_WARN_OBJC_LITERAL_CONVERSION = YES;
				CLANG_WARN_OBJC_ROOT_CLASS = YES_ERROR;
				CLANG_WARN_QUOTED_INCLUDE_IN_FRAMEWORK_HEADER = YES;
				CLANG_WARN_RANGE_LOOP_ANALYSIS = YES;
				CLANG_WARN_STRICT_PROTOTYPES = YES;
				CLANG_WARN_SUSPICIOUS_MOVE = YES;
				CLANG_WARN_UNGUARDED_AVAILABILITY = YES_AGGRESSIVE;
				CLANG_WARN_UNREACHABLE_CODE = YES;
				CLANG_WARN__DUPLICATE_METHOD_MATCH = YES;
				COPY_PHASE_STRIP = NO;
				DEBUG_INFORMATION_FORMAT = "dwarf-with-dsym";
				ENABLE_NS_ASSERTIONS = NO;
				ENABLE_STRICT_OBJC_MSGSEND = YES;
				GCC_C_LANGUAGE_STANDARD = gnu11;
				GCC_NO_COMMON_BLOCKS = YES;
				GCC_WARN_64_TO_32_BIT_CONVERSION = YES;
				GCC_WARN_ABOUT_RETURN_TYPE = YES_ERROR;
				GCC_WARN_UNDECLARED_SELECTOR = YES;
				GCC_WARN_UNINITIALIZED_AUTOS = YES_AGGRESSIVE;
				GCC_WARN_UNUSED_FUNCTION = YES;
				GCC_WARN_UNUSED_VARIABLE = YES;
				IPHONEOS_DEPLOYMENT_TARGET = 16.0;
				MTL_ENABLE_DEBUG_INFO = NO;
				MTL_FAST_MATH = YES;
				SDKROOT = iphoneos;
				SWIFT_COMPILATION_MODE = wholemodule;
				SWIFT_OPTIMIZATION_LEVEL = "-O";
				VALIDATE_PRODUCT = YES;
			};
			name = Release;
		};
		7DFC40B82AC5675D00FE71D2 /* Debug */ = {
			isa = XCBuildConfiguration;
			buildSettings = {
				ASSETCATALOG_COMPILER_APPICON_NAME = AppIcon;
				ASSETCATALOG_COMPILER_GLOBAL_ACCENT_COLOR_NAME = AccentColor;
				CODE_SIGN_STYLE = Automatic;
				CURRENT_PROJECT_VERSION = 1;
				DEVELOPMENT_TEAM = UKL4FRSYNB;
				GENERATE_INFOPLIST_FILE = YES;
				INFOPLIST_FILE = TestPexel/Resource/Info.plist;
				INFOPLIST_KEY_LSSupportsOpeningDocumentsInPlace = YES;
				INFOPLIST_KEY_UIApplicationSupportsIndirectInputEvents = YES;
				INFOPLIST_KEY_UILaunchStoryboardName = LaunchScreen;
				INFOPLIST_KEY_UIMainStoryboardFile = Main;
				INFOPLIST_KEY_UISupportedInterfaceOrientations = UIInterfaceOrientationPortrait;
				INFOPLIST_KEY_UISupportedInterfaceOrientations_iPad = "UIInterfaceOrientationLandscapeLeft UIInterfaceOrientationLandscapeRight UIInterfaceOrientationPortrait UIInterfaceOrientationPortraitUpsideDown";
				IPHONEOS_DEPLOYMENT_TARGET = 16.0;
				LD_RUNPATH_SEARCH_PATHS = (
					"$(inherited)",
					"@executable_path/Frameworks",
				);
				MARKETING_VERSION = 1.0;
				PRODUCT_BUNDLE_IDENTIFIER = osa.TestPexel;
				PRODUCT_NAME = "$(TARGET_NAME)";
				SUPPORTED_PLATFORMS = "iphoneos iphonesimulator";
				SUPPORTS_MACCATALYST = NO;
				SUPPORTS_MAC_DESIGNED_FOR_IPHONE_IPAD = YES;
				SWIFT_EMIT_LOC_STRINGS = YES;
				SWIFT_VERSION = 5.0;
				TARGETED_DEVICE_FAMILY = 1;
			};
			name = Debug;
		};
		7DFC40B92AC5675D00FE71D2 /* Release */ = {
			isa = XCBuildConfiguration;
			buildSettings = {
				ASSETCATALOG_COMPILER_APPICON_NAME = AppIcon;
				ASSETCATALOG_COMPILER_GLOBAL_ACCENT_COLOR_NAME = AccentColor;
				CODE_SIGN_STYLE = Automatic;
				CURRENT_PROJECT_VERSION = 1;
				DEVELOPMENT_TEAM = UKL4FRSYNB;
				GENERATE_INFOPLIST_FILE = YES;
				INFOPLIST_FILE = TestPexel/Resource/Info.plist;
				INFOPLIST_KEY_LSSupportsOpeningDocumentsInPlace = YES;
				INFOPLIST_KEY_UIApplicationSupportsIndirectInputEvents = YES;
				INFOPLIST_KEY_UILaunchStoryboardName = LaunchScreen;
				INFOPLIST_KEY_UIMainStoryboardFile = Main;
				INFOPLIST_KEY_UISupportedInterfaceOrientations = UIInterfaceOrientationPortrait;
				INFOPLIST_KEY_UISupportedInterfaceOrientations_iPad = "UIInterfaceOrientationLandscapeLeft UIInterfaceOrientationLandscapeRight UIInterfaceOrientationPortrait UIInterfaceOrientationPortraitUpsideDown";
				IPHONEOS_DEPLOYMENT_TARGET = 16.0;
				LD_RUNPATH_SEARCH_PATHS = (
					"$(inherited)",
					"@executable_path/Frameworks",
				);
				MARKETING_VERSION = 1.0;
				PRODUCT_BUNDLE_IDENTIFIER = osa.TestPexel;
				PRODUCT_NAME = "$(TARGET_NAME)";
				SUPPORTED_PLATFORMS = "iphoneos iphonesimulator";
				SUPPORTS_MACCATALYST = NO;
				SUPPORTS_MAC_DESIGNED_FOR_IPHONE_IPAD = YES;
				SWIFT_EMIT_LOC_STRINGS = YES;
				SWIFT_VERSION = 5.0;
				TARGETED_DEVICE_FAMILY = 1;
			};
			name = Release;
		};
/* End XCBuildConfiguration section */

/* Begin XCConfigurationList section */
		7DFC409E2AC5675A00FE71D2 /* Build configuration list for PBXProject "TestPexel" */ = {
			isa = XCConfigurationList;
			buildConfigurations = (
				7DFC40B52AC5675D00FE71D2 /* Debug */,
				7DFC40B62AC5675D00FE71D2 /* Release */,
			);
			defaultConfigurationIsVisible = 0;
			defaultConfigurationName = Release;
		};
		7DFC40B72AC5675D00FE71D2 /* Build configuration list for PBXNativeTarget "TestPexel" */ = {
			isa = XCConfigurationList;
			buildConfigurations = (
				7DFC40B82AC5675D00FE71D2 /* Debug */,
				7DFC40B92AC5675D00FE71D2 /* Release */,
			);
			defaultConfigurationIsVisible = 0;
			defaultConfigurationName = Release;
		};
/* End XCConfigurationList section */

/* Begin XCSwiftPackageProductDependency section */
		7DFC40D02AC5CB8100FE71D2 /* PexelNetworkService */ = {
			isa = XCSwiftPackageProductDependency;
			productName = PexelNetworkService;
		};
/* End XCSwiftPackageProductDependency section */
	};
	rootObject = 7DFC409B2AC5675A00FE71D2 /* Project object */;
}
